
Microsoft Visual Studio Solution File, Format Version 12.00
# Visual Studio 14
VisualStudioVersion = 14.0.25420.1
MinimumVisualStudioVersion = 10.0.40219.1
Project("{2150E333-8FDC-42A3-9474-1A3956D46DE8}") = "windows-webrtc", "windows-webrtc", "{29996907-1E85-459E-B241-7E1BD8D93D69}"
EndProject
Project("{8BC9CEB8-8B4A-11D0-8D11-00A0C91BC942}") = "webrtc-windows", "webrtc-windows\webrtc-windows-sdk.vcxproj", "{337C58B3-9604-4169-A726-241FC0396390}"
EndProject
Project("{FAE04EC0-301F-11D3-BF4B-00C04F79EFBC}") = "windows-webrtc-client-net", "windows-webrtc-client-net\windows-webrtc-client-net.csproj", "{3A88DBE6-7201-4672-893B-9883741A2EC3}"
EndProject
Project("{FAE04EC0-301F-11D3-BF4B-00C04F79EFBC}") = "windows-webrtc-server-net", "windows-webrtc-server-net\windows-webrtc-server-net.csproj", "{6EF91955-ACD8-43E2-AC54-A14091CE8A5C}"
EndProject
Global
	GlobalSection(SolutionConfigurationPlatforms) = preSolution
		Debug|Any CPU = Debug|Any CPU
		Debug|x64 = Debug|x64
		Debug|x86 = Debug|x86
		Release|Any CPU = Release|Any CPU
		Release|x64 = Release|x64
		Release|x86 = Release|x86
	EndGlobalSection
	GlobalSection(ProjectConfigurationPlatforms) = postSolution
		{337C58B3-9604-4169-A726-241FC0396390}.Debug|Any CPU.ActiveCfg = Debug|Win32
		{337C58B3-9604-4169-A726-241FC0396390}.Debug|Any CPU.Build.0 = Debug|Win32
		{337C58B3-9604-4169-A726-241FC0396390}.Debug|x64.ActiveCfg = Debug|x64
		{337C58B3-9604-4169-A726-241FC0396390}.Debug|x64.Build.0 = Debug|x64
		{337C58B3-9604-4169-A726-241FC0396390}.Debug|x86.ActiveCfg = Debug|Win32
		{337C58B3-9604-4169-A726-241FC0396390}.Debug|x86.Build.0 = Debug|Win32
		{337C58B3-9604-4169-A726-241FC0396390}.Release|Any CPU.ActiveCfg = Release|Win32
		{337C58B3-9604-4169-A726-241FC0396390}.Release|Any CPU.Build.0 = Release|Win32
		{337C58B3-9604-4169-A726-241FC0396390}.Release|x64.ActiveCfg = Release|x64
		{337C58B3-9604-4169-A726-241FC0396390}.Release|x64.Build.0 = Release|x64
		{337C58B3-9604-4169-A726-241FC0396390}.Release|x86.ActiveCfg = Release|Win32
		{337C58B3-9604-4169-A726-241FC0396390}.Release|x86.Build.0 = Release|Win32
		{3A88DBE6-7201-4672-893B-9883741A2EC3}.Debug|Any CPU.ActiveCfg = Debug|Any CPU
		{3A88DBE6-7201-4672-893B-9883741A2EC3}.Debug|Any CPU.Build.0 = Debug|Any CPU
		{3A88DBE6-7201-4672-893B-9883741A2EC3}.Debug|x64.ActiveCfg = Debug|Any CPU
		{3A88DBE6-7201-4672-893B-9883741A2EC3}.Debug|x64.Build.0 = Debug|Any CPU
		{3A88DBE6-7201-4672-893B-9883741A2EC3}.Debug|x86.ActiveCfg = Debug|Any CPU
		{3A88DBE6-7201-4672-893B-9883741A2EC3}.Debug|x86.Build.0 = Debug|Any CPU
		{3A88DBE6-7201-4672-893B-9883741A2EC3}.Release|Any CPU.ActiveCfg = Release|Any CPU
		{3A88DBE6-7201-4672-893B-9883741A2EC3}.Release|Any CPU.Build.0 = Release|Any CPU
		{3A88DBE6-7201-4672-893B-9883741A2EC3}.Release|x64.ActiveCfg = Release|Any CPU
		{3A88DBE6-7201-4672-893B-9883741A2EC3}.Release|x64.Build.0 = Release|Any CPU
		{3A88DBE6-7201-4672-893B-9883741A2EC3}.Release|x86.ActiveCfg = Release|Any CPU
		{3A88DBE6-7201-4672-893B-9883741A2EC3}.Release|x86.Build.0 = Release|Any CPU
		{6EF91955-ACD8-43E2-AC54-A14091CE8A5C}.Debug|Any CPU.ActiveCfg = Debug|Any CPU
		{6EF91955-ACD8-43E2-AC54-A14091CE8A5C}.Debug|Any CPU.Build.0 = Debug|Any CPU
		{6EF91955-ACD8-43E2-AC54-A14091CE8A5C}.Debug|x64.ActiveCfg = Debug|Any CPU
		{6EF91955-ACD8-43E2-AC54-A14091CE8A5C}.Debug|x64.Build.0 = Debug|Any CPU
		{6EF91955-ACD8-43E2-AC54-A14091CE8A5C}.Debug|x86.ActiveCfg = Debug|Any CPU
		{6EF91955-ACD8-43E2-AC54-A14091CE8A5C}.Debug|x86.Build.0 = Debug|Any CPU
		{6EF91955-ACD8-43E2-AC54-A14091CE8A5C}.Release|Any CPU.ActiveCfg = Release|Any CPU
		{6EF91955-ACD8-43E2-AC54-A14091CE8A5C}.Release|Any CPU.Build.0 = Release|Any CPU
		{6EF91955-ACD8-43E2-AC54-A14091CE8A5C}.Release|x64.ActiveCfg = Release|Any CPU
		{6EF91955-ACD8-43E2-AC54-A14091CE8A5C}.Release|x64.Build.0 = Release|Any CPU
		{6EF91955-ACD8-43E2-AC54-A14091CE8A5C}.Release|x86.ActiveCfg = Release|Any CPU
		{6EF91955-ACD8-43E2-AC54-A14091CE8A5C}.Release|x86.Build.0 = Release|Any CPU
	EndGlobalSection
	GlobalSection(SolutionProperties) = preSolution
		HideSolutionNode = FALSE
	EndGlobalSection
	GlobalSection(NestedProjects) = preSolution
		{337C58B3-9604-4169-A726-241FC0396390} = {29996907-1E85-459E-B241-7E1BD8D93D69}
		{3A88DBE6-7201-4672-893B-9883741A2EC3} = {29996907-1E85-459E-B241-7E1BD8D93D69}
		{6EF91955-ACD8-43E2-AC54-A14091CE8A5C} = {29996907-1E85-459E-B241-7E1BD8D93D69}
	EndGlobalSection
EndGlobal
